// !$*UTF8*$!
{
	archiveVersion = 1;
	classes = {
	};
	objectVersion = 46;
	objects = {

/* Begin PBXBuildFile section */
		3047C8C01EC20A6400E71089 /* AppDelegate.swift in Sources */ = {isa = PBXBuildFile; fileRef = 3047C8BF1EC20A6400E71089 /* AppDelegate.swift */; };
		3047C8C21EC20A6400E71089 /* ViewController.swift in Sources */ = {isa = PBXBuildFile; fileRef = 3047C8C11EC20A6400E71089 /* ViewController.swift */; };
		3047C8C51EC20A6400E71089 /* Main.storyboard in Resources */ = {isa = PBXBuildFile; fileRef = 3047C8C31EC20A6400E71089 /* Main.storyboard */; };
		3047C8C81EC20A6400E71089 /* HelloWorld.xcdatamodeld in Sources */ = {isa = PBXBuildFile; fileRef = 3047C8C61EC20A6400E71089 /* HelloWorld.xcdatamodeld */; };
		3047C8CA1EC20A6400E71089 /* Assets.xcassets in Resources */ = {isa = PBXBuildFile; fileRef = 3047C8C91EC20A6400E71089 /* Assets.xcassets */; };
		3047C8CD1EC20A6400E71089 /* LaunchScreen.storyboard in Resources */ = {isa = PBXBuildFile; fileRef = 3047C8CB1EC20A6400E71089 /* LaunchScreen.storyboard */; };
		3047C8D81EC20A6400E71089 /* HelloWorldTests.swift in Sources */ = {isa = PBXBuildFile; fileRef = 3047C8D71EC20A6400E71089 /* HelloWorldTests.swift */; };
		3047C8E31EC20A6400E71089 /* HelloWorldUITests.swift in Sources */ = {isa = PBXBuildFile; fileRef = 3047C8E21EC20A6400E71089 /* HelloWorldUITests.swift */; };
/* End PBXBuildFile section */

/* Begin PBXContainerItemProxy section */
		3047C8D41EC20A6400E71089 /* PBXContainerItemProxy */ = {
			isa = PBXContainerItemProxy;
			containerPortal = 3047C8B41EC20A6400E71089 /* Project object */;
			proxyType = 1;
			remoteGlobalIDString = 3047C8BB1EC20A6400E71089;
			remoteInfo = HelloWorld;
		};
		3047C8DF1EC20A6400E71089 /* PBXContainerItemProxy */ = {
			isa = PBXContainerItemProxy;
			containerPortal = 3047C8B41EC20A6400E71089 /* Project object */;
			proxyType = 1;
			remoteGlobalIDString = 3047C8BB1EC20A6400E71089;
			remoteInfo = HelloWorld;
		};
/* End PBXContainerItemProxy section */

/* Begin PBXFileReference section */
		3047C8BC1EC20A6400E71089 /* HelloWorld.app */ = {isa = PBXFileReference; explicitFileType = wrapper.application; includeInIndex = 0; path = HelloWorld.app; sourceTree = BUILT_PRODUCTS_DIR; };
		3047C8BF1EC20A6400E71089 /* AppDelegate.swift */ = {isa = PBXFileReference; lastKnownFileType = sourcecode.swift; path = AppDelegate.swift; sourceTree = "<group>"; };
		3047C8C11EC20A6400E71089 /* ViewController.swift */ = {isa = PBXFileReference; lastKnownFileType = sourcecode.swift; path = ViewController.swift; sourceTree = "<group>"; };
		3047C8C41EC20A6400E71089 /* Base */ = {isa = PBXFileReference; lastKnownFileType = file.storyboard; name = Base; path = Base.lproj/Main.storyboard; sourceTree = "<group>"; };
		3047C8C71EC20A6400E71089 /* HelloWorld.xcdatamodel */ = {isa = PBXFileReference; lastKnownFileType = wrapper.xcdatamodel; path = HelloWorld.xcdatamodel; sourceTree = "<group>"; };
		3047C8C91EC20A6400E71089 /* Assets.xcassets */ = {isa = PBXFileReference; lastKnownFileType = folder.assetcatalog; path = Assets.xcassets; sourceTree = "<group>"; };
		3047C8CC1EC20A6400E71089 /* Base */ = {isa = PBXFileReference; lastKnownFileType = file.storyboard; name = Base; path = Base.lproj/LaunchScreen.storyboard; sourceTree = "<group>"; };
		3047C8CE1EC20A6400E71089 /* Info.plist */ = {isa = PBXFileReference; lastKnownFileType = text.plist.xml; path = Info.plist; sourceTree = "<group>"; };
		3047C8D31EC20A6400E71089 /* HelloWorldTests.xctest */ = {isa = PBXFileReference; explicitFileType = wrapper.cfbundle; includeInIndex = 0; path = HelloWorldTests.xctest; sourceTree = BUILT_PRODUCTS_DIR; };
		3047C8D71EC20A6400E71089 /* HelloWorldTests.swift */ = {isa = PBXFileReference; lastKnownFileType = sourcecode.swift; path = HelloWorldTests.swift; sourceTree = "<group>"; };
		3047C8D91EC20A6400E71089 /* Info.plist */ = {isa = PBXFileReference; lastKnownFileType = text.plist.xml; path = Info.plist; sourceTree = "<group>"; };
		3047C8DE1EC20A6400E71089 /* HelloWorldUITests.xctest */ = {isa = PBXFileReference; explicitFileType = wrapper.cfbundle; includeInIndex = 0; path = HelloWorldUITests.xctest; sourceTree = BUILT_PRODUCTS_DIR; };
		3047C8E21EC20A6400E71089 /* HelloWorldUITests.swift */ = {isa = PBXFileReference; lastKnownFileType = sourcecode.swift; path = HelloWorldUITests.swift; sourceTree = "<group>"; };
		3047C8E41EC20A6400E71089 /* Info.plist */ = {isa = PBXFileReference; lastKnownFileType = text.plist.xml; path = Info.plist; sourceTree = "<group>"; };
/* End PBXFileReference section */

/* Begin PBXFrameworksBuildPhase section */
		3047C8B91EC20A6400E71089 /* Frameworks */ = {
			isa = PBXFrameworksBuildPhase;
			buildActionMask = 2147483647;
			files = (
			);
			runOnlyForDeploymentPostprocessing = 0;
		};
		3047C8D01EC20A6400E71089 /* Frameworks */ = {
			isa = PBXFrameworksBuildPhase;
			buildActionMask = 2147483647;
			files = (
			);
			runOnlyForDeploymentPostprocessing = 0;
		};
		3047C8DB1EC20A6400E71089 /* Frameworks */ = {
			isa = PBXFrameworksBuildPhase;
			buildActionMask = 2147483647;
			files = (
			);
			runOnlyForDeploymentPostprocessing = 0;
		};
/* End PBXFrameworksBuildPhase section */

/* Begin PBXGroup section */
		3047C8B31EC20A6400E71089 = {
			isa = PBXGroup;
			children = (
				3047C8BE1EC20A6400E71089 /* HelloWorld */,
				3047C8D61EC20A6400E71089 /* HelloWorldTests */,
				3047C8E11EC20A6400E71089 /* HelloWorldUITests */,
				3047C8BD1EC20A6400E71089 /* Products */,
			);
			sourceTree = "<group>";
		};
		3047C8BD1EC20A6400E71089 /* Products */ = {
			isa = PBXGroup;
			children = (
				3047C8BC1EC20A6400E71089 /* HelloWorld.app */,
				3047C8D31EC20A6400E71089 /* HelloWorldTests.xctest */,
				3047C8DE1EC20A6400E71089 /* HelloWorldUITests.xctest */,
			);
			name = Products;
			sourceTree = "<group>";
		};
		3047C8BE1EC20A6400E71089 /* HelloWorld */ = {
			isa = PBXGroup;
			children = (
				3047C8BF1EC20A6400E71089 /* AppDelegate.swift */,
				3047C8C11EC20A6400E71089 /* ViewController.swift */,
				3047C8C31EC20A6400E71089 /* Main.storyboard */,
				3047C8C91EC20A6400E71089 /* Assets.xcassets */,
				3047C8CB1EC20A6400E71089 /* LaunchScreen.storyboard */,
				3047C8CE1EC20A6400E71089 /* Info.plist */,
				3047C8C61EC20A6400E71089 /* HelloWorld.xcdatamodeld */,
			);
			path = HelloWorld;
			sourceTree = "<group>";
		};
		3047C8D61EC20A6400E71089 /* HelloWorldTests */ = {
			isa = PBXGroup;
			children = (
				3047C8D71EC20A6400E71089 /* HelloWorldTests.swift */,
				3047C8D91EC20A6400E71089 /* Info.plist */,
			);
			path = HelloWorldTests;
			sourceTree = "<group>";
		};
		3047C8E11EC20A6400E71089 /* HelloWorldUITests */ = {
			isa = PBXGroup;
			children = (
				3047C8E21EC20A6400E71089 /* HelloWorldUITests.swift */,
				3047C8E41EC20A6400E71089 /* Info.plist */,
			);
			path = HelloWorldUITests;
			sourceTree = "<group>";
		};
/* End PBXGroup section */

/* Begin PBXNativeTarget section */
		3047C8BB1EC20A6400E71089 /* HelloWorld */ = {
			isa = PBXNativeTarget;
			buildConfigurationList = 3047C8E71EC20A6500E71089 /* Build configuration list for PBXNativeTarget "HelloWorld" */;
			buildPhases = (
				3047C8B81EC20A6400E71089 /* Sources */,
				3047C8B91EC20A6400E71089 /* Frameworks */,
				3047C8BA1EC20A6400E71089 /* Resources */,
			);
			buildRules = (
			);
			dependencies = (
			);
			name = HelloWorld;
			productName = HelloWorld;
			productReference = 3047C8BC1EC20A6400E71089 /* HelloWorld.app */;
			productType = "com.apple.product-type.application";
		};
		3047C8D21EC20A6400E71089 /* HelloWorldTests */ = {
			isa = PBXNativeTarget;
			buildConfigurationList = 3047C8EA1EC20A6500E71089 /* Build configuration list for PBXNativeTarget "HelloWorldTests" */;
			buildPhases = (
				3047C8CF1EC20A6400E71089 /* Sources */,
				3047C8D01EC20A6400E71089 /* Frameworks */,
				3047C8D11EC20A6400E71089 /* Resources */,
			);
			buildRules = (
			);
			dependencies = (
				3047C8D51EC20A6400E71089 /* PBXTargetDependency */,
			);
			name = HelloWorldTests;
			productName = HelloWorldTests;
			productReference = 3047C8D31EC20A6400E71089 /* HelloWorldTests.xctest */;
			productType = "com.apple.product-type.bundle.unit-test";
		};
		3047C8DD1EC20A6400E71089 /* HelloWorldUITests */ = {
			isa = PBXNativeTarget;
			buildConfigurationList = 3047C8ED1EC20A6500E71089 /* Build configuration list for PBXNativeTarget "HelloWorldUITests" */;
			buildPhases = (
				3047C8DA1EC20A6400E71089 /* Sources */,
				3047C8DB1EC20A6400E71089 /* Frameworks */,
				3047C8DC1EC20A6400E71089 /* Resources */,
			);
			buildRules = (
			);
			dependencies = (
				3047C8E01EC20A6400E71089 /* PBXTargetDependency */,
			);
			name = HelloWorldUITests;
			productName = HelloWorldUITests;
			productReference = 3047C8DE1EC20A6400E71089 /* HelloWorldUITests.xctest */;
			productType = "com.apple.product-type.bundle.ui-testing";
		};
/* End PBXNativeTarget section */

/* Begin PBXProject section */
		3047C8B41EC20A6400E71089 /* Project object */ = {
			isa = PBXProject;
			attributes = {
				LastSwiftUpdateCheck = 0830;
				LastUpgradeCheck = 0830;
				ORGANIZATIONNAME = "Franz Ibañez";
				TargetAttributes = {
					3047C8BB1EC20A6400E71089 = {
						CreatedOnToolsVersion = 8.3.2;
						DevelopmentTeam = AT7CKAV4AW;
						ProvisioningStyle = Automatic;
					};
					3047C8D21EC20A6400E71089 = {
						CreatedOnToolsVersion = 8.3.2;
						DevelopmentTeam = AT7CKAV4AW;
						ProvisioningStyle = Automatic;
						TestTargetID = 3047C8BB1EC20A6400E71089;
					};
					3047C8DD1EC20A6400E71089 = {
						CreatedOnToolsVersion = 8.3.2;
						DevelopmentTeam = AT7CKAV4AW;
						ProvisioningStyle = Automatic;
						TestTargetID = 3047C8BB1EC20A6400E71089;
					};
				};
			};
			buildConfigurationList = 3047C8B71EC20A6400E71089 /* Build configuration list for PBXProject "HelloWorld" */;
			compatibilityVersion = "Xcode 3.2";
			developmentRegion = English;
			hasScannedForEncodings = 0;
			knownRegions = (
				en,
				Base,
			);
			mainGroup = 3047C8B31EC20A6400E71089;
			productRefGroup = 3047C8BD1EC20A6400E71089 /* Products */;
			projectDirPath = "";
			projectRoot = "";
			targets = (
				3047C8BB1EC20A6400E71089 /* HelloWorld */,
				3047C8D21EC20A6400E71089 /* HelloWorldTests */,
				3047C8DD1EC20A6400E71089 /* HelloWorldUITests */,
			);
		};
/* End PBXProject section */

/* Begin PBXResourcesBuildPhase section */
		3047C8BA1EC20A6400E71089 /* Resources */ = {
			isa = PBXResourcesBuildPhase;
			buildActionMask = 2147483647;
			files = (
				3047C8CD1EC20A6400E71089 /* LaunchScreen.storyboard in Resources */,
				3047C8CA1EC20A6400E71089 /* Assets.xcassets in Resources */,
				3047C8C51EC20A6400E71089 /* Main.storyboard in Resources */,
			);
			runOnlyForDeploymentPostprocessing = 0;
		};
		3047C8D11EC20A6400E71089 /* Resources */ = {
			isa = PBXResourcesBuildPhase;
			buildActionMask = 2147483647;
			files = (
			);
			runOnlyForDeploymentPostprocessing = 0;
		};
		3047C8DC1EC20A6400E71089 /* Resources */ = {
			isa = PBXResourcesBuildPhase;
			buildActionMask = 2147483647;
			files = (
			);
			runOnlyForDeploymentPostprocessing = 0;
		};
/* End PBXResourcesBuildPhase section */

/* Begin PBXSourcesBuildPhase section */
		3047C8B81EC20A6400E71089 /* Sources */ = {
			isa = PBXSourcesBuildPhase;
			buildActionMask = 2147483647;
			files = (
				3047C8C81EC20A6400E71089 /* HelloWorld.xcdatamodeld in Sources */,
				3047C8C21EC20A6400E71089 /* ViewController.swift in Sources */,
				3047C8C01EC20A6400E71089 /* AppDelegate.swift in Sources */,
			);
			runOnlyForDeploymentPostprocessing = 0;
		};
		3047C8CF1EC20A6400E71089 /* Sources */ = {
			isa = PBXSourcesBuildPhase;
			buildActionMask = 2147483647;
			files = (
				3047C8D81EC20A6400E71089 /* HelloWorldTests.swift in Sources */,
			);
			runOnlyForDeploymentPostprocessing = 0;
		};
		3047C8DA1EC20A6400E71089 /* Sources */ = {
			isa = PBXSourcesBuildPhase;
			buildActionMask = 2147483647;
			files = (
				3047C8E31EC20A6400E71089 /* HelloWorldUITests.swift in Sources */,
			);
			runOnlyForDeploymentPostprocessing = 0;
		};
/* End PBXSourcesBuildPhase section */

/* Begin PBXTargetDependency section */
		3047C8D51EC20A6400E71089 /* PBXTargetDependency */ = {
			isa = PBXTargetDependency;
			target = 3047C8BB1EC20A6400E71089 /* HelloWorld */;
			targetProxy = 3047C8D41EC20A6400E71089 /* PBXContainerItemProxy */;
		};
		3047C8E01EC20A6400E71089 /* PBXTargetDependency */ = {
			isa = PBXTargetDependency;
			target = 3047C8BB1EC20A6400E71089 /* HelloWorld */;
			targetProxy = 3047C8DF1EC20A6400E71089 /* PBXContainerItemProxy */;
		};
/* End PBXTargetDependency section */

/* Begin PBXVariantGroup section */
		3047C8C31EC20A6400E71089 /* Main.storyboard */ = {
			isa = PBXVariantGroup;
			children = (
				3047C8C41EC20A6400E71089 /* Base */,
			);
			name = Main.storyboard;
			sourceTree = "<group>";
		};
		3047C8CB1EC20A6400E71089 /* LaunchScreen.storyboard */ = {
			isa = PBXVariantGroup;
			children = (
				3047C8CC1EC20A6400E71089 /* Base */,
			);
			name = LaunchScreen.storyboard;
			sourceTree = "<group>";
		};
/* End PBXVariantGroup section */

/* Begin XCBuildConfiguration section */
		3047C8E51EC20A6500E71089 /* Debug */ = {
			isa = XCBuildConfiguration;
			buildSettings = {
				ALWAYS_SEARCH_USER_PATHS = NO;
				CLANG_ANALYZER_NONNULL = YES;
				CLANG_ANALYZER_NUMBER_OBJECT_CONVERSION = YES_AGGRESSIVE;
				CLANG_CXX_LANGUAGE_STANDARD = "gnu++0x";
				CLANG_CXX_LIBRARY = "libc++";
				CLANG_ENABLE_MODULES = YES;
				CLANG_ENABLE_OBJC_ARC = YES;
				CLANG_WARN_BOOL_CONVERSION = YES;
				CLANG_WARN_CONSTANT_CONVERSION = YES;
				CLANG_WARN_DIRECT_OBJC_ISA_USAGE = YES_ERROR;
				CLANG_WARN_DOCUMENTATION_COMMENTS = YES;
				CLANG_WARN_EMPTY_BODY = YES;
				CLANG_WARN_ENUM_CONVERSION = YES;
				CLANG_WARN_INFINITE_RECURSION = YES;
				CLANG_WARN_INT_CONVERSION = YES;
				CLANG_WARN_OBJC_ROOT_CLASS = YES_ERROR;
				CLANG_WARN_SUSPICIOUS_MOVE = YES;
				CLANG_WARN_UNREACHABLE_CODE = YES;
				CLANG_WARN__DUPLICATE_METHOD_MATCH = YES;
				"CODE_SIGN_IDENTITY[sdk=iphoneos*]" = "iPhone Developer";
				COPY_PHASE_STRIP = NO;
				DEBUG_INFORMATION_FORMAT = dwarf;
				ENABLE_STRICT_OBJC_MSGSEND = YES;
				ENABLE_TESTABILITY = YES;
				GCC_C_LANGUAGE_STANDARD = gnu99;
				GCC_DYNAMIC_NO_PIC = NO;
				GCC_NO_COMMON_BLOCKS = YES;
				GCC_OPTIMIZATION_LEVEL = 0;
				GCC_PREPROCESSOR_DEFINITIONS = (
					"DEBUG=1",
					"$(inherited)",
				);
				GCC_WARN_64_TO_32_BIT_CONVERSION = YES;
				GCC_WARN_ABOUT_RETURN_TYPE = YES_ERROR;
				GCC_WARN_UNDECLARED_SELECTOR = YES;
				GCC_WARN_UNINITIALIZED_AUTOS = YES_AGGRESSIVE;
				GCC_WARN_UNUSED_FUNCTION = YES;
				GCC_WARN_UNUSED_VARIABLE = YES;
				IPHONEOS_DEPLOYMENT_TARGET = 10.3;
				MTL_ENABLE_DEBUG_INFO = YES;
				ONLY_ACTIVE_ARCH = YES;
				SDKROOT = iphoneos;
				SWIFT_ACTIVE_COMPILATION_CONDITIONS = DEBUG;
				SWIFT_OPTIMIZATION_LEVEL = "-Onone";
				TARGETED_DEVICE_FAMILY = "1,2";
			};
			name = Debug;
		};
		3047C8E61EC20A6500E71089 /* Release */ = {
			isa = XCBuildConfiguration;
			buildSettings = {
				ALWAYS_SEARCH_USER_PATHS = NO;
				CLANG_ANALYZER_NONNULL = YES;
				CLANG_ANALYZER_NUMBER_OBJECT_CONVERSION = YES_AGGRESSIVE;
				CLANG_CXX_LANGUAGE_STANDARD = "gnu++0x";
				CLANG_CXX_LIBRARY = "libc++";
				CLANG_ENABLE_MODULES = YES;
				CLANG_ENABLE_OBJC_ARC = YES;
				CLANG_WARN_BOOL_CONVERSION = YES;
				CLANG_WARN_CONSTANT_CONVERSION = YES;
				CLANG_WARN_DIRECT_OBJC_ISA_USAGE = YES_ERROR;
				CLANG_WARN_DOCUMENTATION_COMMENTS = YES;
				CLANG_WARN_EMPTY_BODY = YES;
				CLANG_WARN_ENUM_CONVERSION = YES;
				CLANG_WARN_INFINITE_RECURSION = YES;
				CLANG_WARN_INT_CONVERSION = YES;
				CLANG_WARN_OBJC_ROOT_CLASS = YES_ERROR;
				CLANG_WARN_SUSPICIOUS_MOVE = YES;
				CLANG_WARN_UNREACHABLE_CODE = YES;
				CLANG_WARN__DUPLICATE_METHOD_MATCH = YES;
				"CODE_SIGN_IDENTITY[sdk=iphoneos*]" = "iPhone Developer";
				COPY_PHASE_STRIP = NO;
				DEBUG_INFORMATION_FORMAT = "dwarf-with-dsym";
				ENABLE_NS_ASSERTIONS = NO;
				ENABLE_STRICT_OBJC_MSGSEND = YES;
				GCC_C_LANGUAGE_STANDARD = gnu99;
				GCC_NO_COMMON_BLOCKS = YES;
				GCC_WARN_64_TO_32_BIT_CONVERSION = YES;
				GCC_WARN_ABOUT_RETURN_TYPE = YES_ERROR;
				GCC_WARN_UNDECLARED_SELECTOR = YES;
				GCC_WARN_UNINITIALIZED_AUTOS = YES_AGGRESSIVE;
				GCC_WARN_UNUSED_FUNCTION = YES;
				GCC_WARN_UNUSED_VARIABLE = YES;
				IPHONEOS_DEPLOYMENT_TARGET = 10.3;
				MTL_ENABLE_DEBUG_INFO = NO;
				SDKROOT = iphoneos;
				SWIFT_OPTIMIZATION_LEVEL = "-Owholemodule";
				TARGETED_DEVICE_FAMILY = "1,2";
				VALIDATE_PRODUCT = YES;
			};
			name = Release;
		};
		3047C8E81EC20A6500E71089 /* Debug */ = {
			isa = XCBuildConfiguration;
			buildSettings = {
				ASSETCATALOG_COMPILER_APPICON_NAME = AppIcon;
				DEVELOPMENT_TEAM = AT7CKAV4AW;
				INFOPLIST_FILE = HelloWorld/Info.plist;
				LD_RUNPATH_SEARCH_PATHS = "$(inherited) @executable_path/Frameworks";
				PRODUCT_BUNDLE_IDENTIFIER = com.franz.dev.HelloWorld;
				PRODUCT_NAME = "$(TARGET_NAME)";
				SWIFT_VERSION = 3.0;
			};
			name = Debug;
		};
		3047C8E91EC20A6500E71089 /* Release */ = {
			isa = XCBuildConfiguration;
			buildSettings = {
				ASSETCATALOG_COMPILER_APPICON_NAME = AppIcon;
				DEVELOPMENT_TEAM = AT7CKAV4AW;
				INFOPLIST_FILE = HelloWorld/Info.plist;
				LD_RUNPATH_SEARCH_PATHS = "$(inherited) @executable_path/Frameworks";
				PRODUCT_BUNDLE_IDENTIFIER = com.franz.dev.HelloWorld;
				PRODUCT_NAME = "$(TARGET_NAME)";
				SWIFT_VERSION = 3.0;
			};
			name = Release;
		};
		3047C8EB1EC20A6500E71089 /* Debug */ = {
			isa = XCBuildConfiguration;
			buildSettings = {
				ALWAYS_EMBED_SWIFT_STANDARD_LIBRARIES = YES;
				BUNDLE_LOADER = "$(TEST_HOST)";
				DEVELOPMENT_TEAM = AT7CKAV4AW;
				INFOPLIST_FILE = HelloWorldTests/Info.plist;
				LD_RUNPATH_SEARCH_PATHS = "$(inherited) @executable_path/Frameworks @loader_path/Frameworks";
				PRODUCT_BUNDLE_IDENTIFIER = com.franz.dev.HelloWorldTests;
				PRODUCT_NAME = "$(TARGET_NAME)";
				SWIFT_VERSION = 3.0;
				TEST_HOST = "$(BUILT_PRODUCTS_DIR)/HelloWorld.app/HelloWorld";
			};
			name = Debug;
		};
		3047C8EC1EC20A6500E71089 /* Release */ = {
			isa = XCBuildConfiguration;
			buildSettings = {
				ALWAYS_EMBED_SWIFT_STANDARD_LIBRARIES = YES;
				BUNDLE_LOADER = "$(TEST_HOST)";
				DEVELOPMENT_TEAM = AT7CKAV4AW;
				INFOPLIST_FILE = HelloWorldTests/Info.plist;
				LD_RUNPATH_SEARCH_PATHS = "$(inherited) @executable_path/Frameworks @loader_path/Frameworks";
				PRODUCT_BUNDLE_IDENTIFIER = com.franz.dev.HelloWorldTests;
				PRODUCT_NAME = "$(TARGET_NAME)";
				SWIFT_VERSION = 3.0;
				TEST_HOST = "$(BUILT_PRODUCTS_DIR)/HelloWorld.app/HelloWorld";
			};
			name = Release;
		};
		3047C8EE1EC20A6500E71089 /* Debug */ = {
			isa = XCBuildConfiguration;
			buildSettings = {
				ALWAYS_EMBED_SWIFT_STANDARD_LIBRARIES = YES;
				DEVELOPMENT_TEAM = AT7CKAV4AW;
				INFOPLIST_FILE = HelloWorldUITests/Info.plist;
				LD_RUNPATH_SEARCH_PATHS = "$(inherited) @executable_path/Frameworks @loader_path/Frameworks";
				PRODUCT_BUNDLE_IDENTIFIER = com.franz.dev.HelloWorldUITests;
				PRODUCT_NAME = "$(TARGET_NAME)";
				SWIFT_VERSION = 3.0;
				TEST_TARGET_NAME = HelloWorld;
			};
			name = Debug;
		};
		3047C8EF1EC20A6500E71089 /* Release */ = {
			isa = XCBuildConfiguration;
			buildSettings = {
				ALWAYS_EMBED_SWIFT_STANDARD_LIBRARIES = YES;
				DEVELOPMENT_TEAM = AT7CKAV4AW;
				INFOPLIST_FILE = HelloWorldUITests/Info.plist;
				LD_RUNPATH_SEARCH_PATHS = "$(inherited) @executable_path/Frameworks @loader_path/Frameworks";
				PRODUCT_BUNDLE_IDENTIFIER = com.franz.dev.HelloWorldUITests;
				PRODUCT_NAME = "$(TARGET_NAME)";
				SWIFT_VERSION = 3.0;
				TEST_TARGET_NAME = HelloWorld;
			};
			name = Release;
		};
/* End XCBuildConfiguration section */

/* Begin XCConfigurationList section */
		3047C8B71EC20A6400E71089 /* Build configuration list for PBXProject "HelloWorld" */ = {
			isa = XCConfigurationList;
			buildConfigurations = (
				3047C8E51EC20A6500E71089 /* Debug */,
				3047C8E61EC20A6500E71089 /* Release */,
			);
			defaultConfigurationIsVisible = 0;
			defaultConfigurationName = Release;
		};
		3047C8E71EC20A6500E71089 /* Build configuration list for PBXNativeTarget "HelloWorld" */ = {
			isa = XCConfigurationList;
			buildConfigurations = (
				3047C8E81EC20A6500E71089 /* Debug */,
				3047C8E91EC20A6500E71089 /* Release */,
			);
			defaultConfigurationIsVisible = 0;
		};
		3047C8EA1EC20A6500E71089 /* Build configuration list for PBXNativeTarget "HelloWorldTests" */ = {
			isa = XCConfigurationList;
			buildConfigurations = (
				3047C8EB1EC20A6500E71089 /* Debug */,
				3047C8EC1EC20A6500E71089 /* Release */,
			);
			defaultConfigurationIsVisible = 0;
		};
		3047C8ED1EC20A6500E71089 /* Build configuration list for PBXNativeTarget "HelloWorldUITests" */ = {
			isa = XCConfigurationList;
			buildConfigurations = (
				3047C8EE1EC20A6500E71089 /* Debug */,
				3047C8EF1EC20A6500E71089 /* Release */,
			);
			defaultConfigurationIsVisible = 0;
		};
/* End XCConfigurationList section */

/* Begin XCVersionGroup section */
		3047C8C61EC20A6400E71089 /* HelloWorld.xcdatamodeld */ = {
			isa = XCVersionGroup;
			children = (
				3047C8C71EC20A6400E71089 /* HelloWorld.xcdatamodel */,
			);
			currentVersion = 3047C8C71EC20A6400E71089 /* HelloWorld.xcdatamodel */;
			path = HelloWorld.xcdatamodeld;
			sourceTree = "<group>";
			versionGroupType = wrapper.xcdatamodel;
		};
/* End XCVersionGroup section */
	};
	rootObject = 3047C8B41EC20A6400E71089 /* Project object */;
}
